
Microsoft Visual Studio Solution File, Format Version 12.00
# Visual Studio Version 16
VisualStudioVersion = 16.0.31129.286
MinimumVisualStudioVersion = 10.0.40219.1
Project("{FAE04EC0-301F-11D3-BF4B-00C04F79EFBC}") = "Structural", "DesignPatterns\Structural.csproj", "{62DCA524-DC47-497C-89E7-DA0A3FF94BC5}"
EndProject
Global
	GlobalSection(SolutionConfigurationPlatforms) = preSolution
		Debug|Any CPU = Debug|Any CPU
		Release|Any CPU = Release|Any CPU
	EndGlobalSection
	GlobalSection(ProjectConfigurationPlatforms) = postSolution
		{62DCA524-DC47-497C-89E7-DA0A3FF94BC5}.Debug|Any CPU.ActiveCfg = Debug|Any CPU
		{62DCA524-DC47-497C-89E7-DA0A3FF94BC5}.Debug|Any CPU.Build.0 = Debug|Any CPU
		{62DCA524-DC47-497C-89E7-DA0A3FF94BC5}.Release|Any CPU.ActiveCfg = Release|Any CPU
		{62DCA524-DC47-497C-89E7-DA0A3FF94BC5}.Release|Any CPU.Build.0 = Release|Any CPU
	EndGlobalSection
	GlobalSection(SolutionProperties) = preSolution
		HideSolutionNode = FALSE
	EndGlobalSection
	GlobalSection(ExtensibilityGlobals) = postSolution
		SolutionGuid = {7D1BB086-6A54-4908-96E4-5733615A9998}
	EndGlobalSection
EndGlobal
